
Microsoft Visual Studio Solution File, Format Version 12.00
# Visual Studio Version 17
VisualStudioVersion = 17.10.35027.167
MinimumVisualStudioVersion = 10.0.40219.1
Project("{FAE04EC0-301F-11D3-BF4B-00C04F79EFBC}") = "expenses.api", "expenses.api\expenses.api.csproj", "{8799B9E1-232E-4533-9869-FA640E717385}"
EndProject
Project("{FAE04EC0-301F-11D3-BF4B-00C04F79EFBC}") = "expenses.business", "expenses.business\expenses.business.csproj", "{64551F42-4619-42CC-BEF0-1D99849E77A6}"
EndProject
Project("{FAE04EC0-301F-11D3-BF4B-00C04F79EFBC}") = "expenses.data", "expenses.data\expenses.data.csproj", "{8215A0EB-2F4A-4C9B-834A-EAFF2335BA60}"
EndProject
Global
	GlobalSection(SolutionConfigurationPlatforms) = preSolution
		Debug|Any CPU = Debug|Any CPU
		Release|Any CPU = Release|Any CPU
	EndGlobalSection
	GlobalSection(ProjectConfigurationPlatforms) = postSolution
		{8799B9E1-232E-4533-9869-FA640E717385}.Debug|Any CPU.ActiveCfg = Debug|Any CPU
		{8799B9E1-232E-4533-9869-FA640E717385}.Debug|Any CPU.Build.0 = Debug|Any CPU
		{8799B9E1-232E-4533-9869-FA640E717385}.Release|Any CPU.ActiveCfg = Release|Any CPU
		{8799B9E1-232E-4533-9869-FA640E717385}.Release|Any CPU.Build.0 = Release|Any CPU
		{64551F42-4619-42CC-BEF0-1D99849E77A6}.Debug|Any CPU.ActiveCfg = Debug|Any CPU
		{64551F42-4619-42CC-BEF0-1D99849E77A6}.Debug|Any CPU.Build.0 = Debug|Any CPU
		{64551F42-4619-42CC-BEF0-1D99849E77A6}.Release|Any CPU.ActiveCfg = Release|Any CPU
		{64551F42-4619-42CC-BEF0-1D99849E77A6}.Release|Any CPU.Build.0 = Release|Any CPU
		{8215A0EB-2F4A-4C9B-834A-EAFF2335BA60}.Debug|Any CPU.ActiveCfg = Debug|Any CPU
		{8215A0EB-2F4A-4C9B-834A-EAFF2335BA60}.Debug|Any CPU.Build.0 = Debug|Any CPU
		{8215A0EB-2F4A-4C9B-834A-EAFF2335BA60}.Release|Any CPU.ActiveCfg = Release|Any CPU
		{8215A0EB-2F4A-4C9B-834A-EAFF2335BA60}.Release|Any CPU.Build.0 = Release|Any CPU
	EndGlobalSection
	GlobalSection(SolutionProperties) = preSolution
		HideSolutionNode = FALSE
	EndGlobalSection
	GlobalSection(ExtensibilityGlobals) = postSolution
		SolutionGuid = {EC7C90B5-A6C9-4751-8F46-DDAD2F974775}
	EndGlobalSection
EndGlobal
